
Microsoft Visual Studio Solution File, Format Version 12.00
# Visual Studio Version 17
VisualStudioVersion = 17.2.32616.157
MinimumVisualStudioVersion = 10.0.40219.1
Project("{FAE04EC0-301F-11D3-BF4B-00C04F79EFBC}") = "ArrayRev", "ArrayRev.csproj", "{8752CF4F-30EB-4192-B448-0EBD6E14EEBE}"
EndProject
Global
	GlobalSection(SolutionConfigurationPlatforms) = preSolution
		Debug|Any CPU = Debug|Any CPU
		Release|Any CPU = Release|Any CPU
	EndGlobalSection
	GlobalSection(ProjectConfigurationPlatforms) = postSolution
		{8752CF4F-30EB-4192-B448-0EBD6E14EEBE}.Debug|Any CPU.ActiveCfg = Debug|Any CPU
		{8752CF4F-30EB-4192-B448-0EBD6E14EEBE}.Debug|Any CPU.Build.0 = Debug|Any CPU
		{8752CF4F-30EB-4192-B448-0EBD6E14EEBE}.Release|Any CPU.ActiveCfg = Release|Any CPU
		{8752CF4F-30EB-4192-B448-0EBD6E14EEBE}.Release|Any CPU.Build.0 = Release|Any CPU
	EndGlobalSection
	GlobalSection(SolutionProperties) = preSolution
		HideSolutionNode = FALSE
	EndGlobalSection
	GlobalSection(ExtensibilityGlobals) = postSolution
		SolutionGuid = {24DBE975-EEB0-4948-A357-DC6962A20A8F}
	EndGlobalSection
EndGlobal
